// !$*UTF8*$!
{
	archiveVersion = 1;
	classes = {
	};
	objectVersion = 77;
	objects = {

/* Begin PBXBuildFile section */
		00655769839F5784B3884BDC /* FileScanner.swift in Sources */ = {isa = PBXBuildFile; fileRef = 22E916A31E3576EEFF876E75 /* FileScanner.swift */; };
		096C0408F985B6F51ABE1B5F /* ProjectDetailView.swift in Sources */ = {isa = PBXBuildFile; fileRef = 57B1EBE2081E3CD55BA3E562 /* ProjectDetailView.swift */; };
		69BD26AD54B7F2CE936F3DF2 /* ContentView.swift in Sources */ = {isa = PBXBuildFile; fileRef = 0AD34D1FFD46B276982828FB /* ContentView.swift */; };
		6CD991B748BCF884352F06B2 /* Assets.xcassets in Resources */ = {isa = PBXBuildFile; fileRef = E274F1544FB187C52361CD0E /* Assets.xcassets */; };
		6F4C044300F77AC65E416768 /* ProjectItem.swift in Sources */ = {isa = PBXBuildFile; fileRef = E9D7EA6B76040E95431A5F67 /* ProjectItem.swift */; };
		8FFDA89A9F8EEA3B879E992F /* iPadServeApp.swift in Sources */ = {isa = PBXBuildFile; fileRef = CAD6E51FB0E5E37242168B5B /* iPadServeApp.swift */; };
		9F08ABEFD18C9D0DBA2733D7 /* ProjectStore.swift in Sources */ = {isa = PBXBuildFile; fileRef = 3177DDB36A1B8E896725D41C /* ProjectStore.swift */; };
		A2C368F7AC29AA5479756F1D /* BrowserView.swift in Sources */ = {isa = PBXBuildFile; fileRef = 8A7B25F8CF8342F52D44560B /* BrowserView.swift */; };
		AFF9C1450F0CC482E2509114 /* LocalHTTPServer.swift in Sources */ = {isa = PBXBuildFile; fileRef = 8DCE1D5AC59587DEF80E3AC4 /* LocalHTTPServer.swift */; };
		BFF97B4B6086FBB4915BE4ED /* MimeTypes.swift in Sources */ = {isa = PBXBuildFile; fileRef = 47853D42540B1D2B5E525451 /* MimeTypes.swift */; };
/* End PBXBuildFile section */

/* Begin PBXFileReference section */
		0AD34D1FFD46B276982828FB /* ContentView.swift */ = {isa = PBXFileReference; lastKnownFileType = sourcecode.swift; path = ContentView.swift; sourceTree = "<group>"; };
		128DF8F01B56A6C362C01E2A /* iPadServe.app */ = {isa = PBXFileReference; includeInIndex = 0; lastKnownFileType = wrapper.application; path = iPadServe.app; sourceTree = BUILT_PRODUCTS_DIR; };
		22E916A31E3576EEFF876E75 /* FileScanner.swift */ = {isa = PBXFileReference; lastKnownFileType = sourcecode.swift; path = FileScanner.swift; sourceTree = "<group>"; };
		3177DDB36A1B8E896725D41C /* ProjectStore.swift */ = {isa = PBXFileReference; lastKnownFileType = sourcecode.swift; path = ProjectStore.swift; sourceTree = "<group>"; };
		47853D42540B1D2B5E525451 /* MimeTypes.swift */ = {isa = PBXFileReference; lastKnownFileType = sourcecode.swift; path = MimeTypes.swift; sourceTree = "<group>"; };
		57B1EBE2081E3CD55BA3E562 /* ProjectDetailView.swift */ = {isa = PBXFileReference; lastKnownFileType = sourcecode.swift; path = ProjectDetailView.swift; sourceTree = "<group>"; };
		8A7B25F8CF8342F52D44560B /* BrowserView.swift */ = {isa = PBXFileReference; lastKnownFileType = sourcecode.swift; path = BrowserView.swift; sourceTree = "<group>"; };
		8DCE1D5AC59587DEF80E3AC4 /* LocalHTTPServer.swift */ = {isa = PBXFileReference; lastKnownFileType = sourcecode.swift; path = LocalHTTPServer.swift; sourceTree = "<group>"; };
		AFC14146FA3C6AFF2BA44B5A /* Info.plist */ = {isa = PBXFileReference; lastKnownFileType = text.plist; path = Info.plist; sourceTree = "<group>"; };
		CAD6E51FB0E5E37242168B5B /* iPadServeApp.swift */ = {isa = PBXFileReference; lastKnownFileType = sourcecode.swift; path = iPadServeApp.swift; sourceTree = "<group>"; };
		E274F1544FB187C52361CD0E /* Assets.xcassets */ = {isa = PBXFileReference; lastKnownFileType = folder.assetcatalog; path = Assets.xcassets; sourceTree = "<group>"; };
		E9D7EA6B76040E95431A5F67 /* ProjectItem.swift */ = {isa = PBXFileReference; lastKnownFileType = sourcecode.swift; path = ProjectItem.swift; sourceTree = "<group>"; };
/* End PBXFileReference section */

/* Begin PBXGroup section */
		148C710AFBC7966DD991F6ED /* Products */ = {
			isa = PBXGroup;
			children = (
				128DF8F01B56A6C362C01E2A /* iPadServe.app */,
			);
			name = Products;
			sourceTree = "<group>";
		};
		64A9E76565D00B44254DB57A /* Resources */ = {
			isa = PBXGroup;
			children = (
				E274F1544FB187C52361CD0E /* Assets.xcassets */,
				AFC14146FA3C6AFF2BA44B5A /* Info.plist */,
			);
			path = Resources;
			sourceTree = "<group>";
		};
		6F7A77958937710AE17E8032 /* Sources */ = {
			isa = PBXGroup;
			children = (
				8A7B25F8CF8342F52D44560B /* BrowserView.swift */,
				0AD34D1FFD46B276982828FB /* ContentView.swift */,
				22E916A31E3576EEFF876E75 /* FileScanner.swift */,
				CAD6E51FB0E5E37242168B5B /* iPadServeApp.swift */,
				8DCE1D5AC59587DEF80E3AC4 /* LocalHTTPServer.swift */,
				47853D42540B1D2B5E525451 /* MimeTypes.swift */,
				57B1EBE2081E3CD55BA3E562 /* ProjectDetailView.swift */,
				E9D7EA6B76040E95431A5F67 /* ProjectItem.swift */,
				3177DDB36A1B8E896725D41C /* ProjectStore.swift */,
			);
			path = Sources;
			sourceTree = "<group>";
		};
		8466A9E028A929CF27D90293 /* iPadServe */ = {
			isa = PBXGroup;
			children = (
				64A9E76565D00B44254DB57A /* Resources */,
				6F7A77958937710AE17E8032 /* Sources */,
			);
			path = iPadServe;
			sourceTree = "<group>";
		};
		FCE938F798FC5EB6EB1DBCD4 = {
			isa = PBXGroup;
			children = (
				8466A9E028A929CF27D90293 /* iPadServe */,
				148C710AFBC7966DD991F6ED /* Products */,
			);
			sourceTree = "<group>";
		};
/* End PBXGroup section */

/* Begin PBXNativeTarget section */
		E4E0B8394933A6E5D1144BF0 /* iPadServe */ = {
			isa = PBXNativeTarget;
			buildConfigurationList = AFBF4806929E8CE3385FA337 /* Build configuration list for PBXNativeTarget "iPadServe" */;
			buildPhases = (
				DB8450C9E5F012EDB70E88A1 /* Sources */,
				F2B3B90B7F40FF9BAB5A3084 /* Resources */,
			);
			buildRules = (
			);
			dependencies = (
			);
			name = iPadServe;
			packageProductDependencies = (
			);
			productName = iPadServe;
			productReference = 128DF8F01B56A6C362C01E2A /* iPadServe.app */;
			productType = "com.apple.product-type.application";
		};
/* End PBXNativeTarget section */

/* Begin PBXProject section */
		2A924D28E99F7E501D25C9FD /* Project object */ = {
			isa = PBXProject;
			attributes = {
				BuildIndependentTargetsInParallel = YES;
				LastUpgradeCheck = 1430;
				TargetAttributes = {
					E4E0B8394933A6E5D1144BF0 = {
						DevelopmentTeam = 7JM77223V5;
						ProvisioningStyle = Automatic;
					};
				};
			};
			buildConfigurationList = 4CBA4280A9A6076E4A814EAD /* Build configuration list for PBXProject "iPadServe" */;
			developmentRegion = en;
			hasScannedForEncodings = 0;
			knownRegions = (
				Base,
				en,
			);
			mainGroup = FCE938F798FC5EB6EB1DBCD4;
			minimizedProjectReferenceProxies = 1;
			preferredProjectObjectVersion = 77;
			productRefGroup = 148C710AFBC7966DD991F6ED /* Products */;
			projectDirPath = "";
			projectRoot = "";
			targets = (
				E4E0B8394933A6E5D1144BF0 /* iPadServe */,
			);
		};
/* End PBXProject section */

/* Begin PBXResourcesBuildPhase section */
		F2B3B90B7F40FF9BAB5A3084 /* Resources */ = {
			isa = PBXResourcesBuildPhase;
			buildActionMask = 2147483647;
			files = (
				6CD991B748BCF884352F06B2 /* Assets.xcassets in Resources */,
			);
			runOnlyForDeploymentPostprocessing = 0;
		};
/* End PBXResourcesBuildPhase section */

/* Begin PBXSourcesBuildPhase section */
		DB8450C9E5F012EDB70E88A1 /* Sources */ = {
			isa = PBXSourcesBuildPhase;
			buildActionMask = 2147483647;
			files = (
				A2C368F7AC29AA5479756F1D /* BrowserView.swift in Sources */,
				69BD26AD54B7F2CE936F3DF2 /* ContentView.swift in Sources */,
				00655769839F5784B3884BDC /* FileScanner.swift in Sources */,
				AFF9C1450F0CC482E2509114 /* LocalHTTPServer.swift in Sources */,
				BFF97B4B6086FBB4915BE4ED /* MimeTypes.swift in Sources */,
				096C0408F985B6F51ABE1B5F /* ProjectDetailView.swift in Sources */,
				6F4C044300F77AC65E416768 /* ProjectItem.swift in Sources */,
				9F08ABEFD18C9D0DBA2733D7 /* ProjectStore.swift in Sources */,
				8FFDA89A9F8EEA3B879E992F /* iPadServeApp.swift in Sources */,
			);
			runOnlyForDeploymentPostprocessing = 0;
		};
/* End PBXSourcesBuildPhase section */

/* Begin XCBuildConfiguration section */
		6BAD0AD55773941DA13C254C /* Release */ = {
			isa = XCBuildConfiguration;
			buildSettings = {
				ALWAYS_SEARCH_USER_PATHS = NO;
				CLANG_ANALYZER_NONNULL = YES;
				CLANG_ANALYZER_NUMBER_OBJECT_CONVERSION = YES_AGGRESSIVE;
				CLANG_CXX_LANGUAGE_STANDARD = "gnu++14";
				CLANG_CXX_LIBRARY = "libc++";
				CLANG_ENABLE_MODULES = YES;
				CLANG_ENABLE_OBJC_ARC = YES;
				CLANG_ENABLE_OBJC_WEAK = YES;
				CLANG_WARN_BLOCK_CAPTURE_AUTORELEASING = YES;
				CLANG_WARN_BOOL_CONVERSION = YES;
				CLANG_WARN_COMMA = YES;
				CLANG_WARN_CONSTANT_CONVERSION = YES;
				CLANG_WARN_DEPRECATED_OBJC_IMPLEMENTATIONS = YES;
				CLANG_WARN_DIRECT_OBJC_ISA_USAGE = YES_ERROR;
				CLANG_WARN_DOCUMENTATION_COMMENTS = YES;
				CLANG_WARN_EMPTY_BODY = YES;
				CLANG_WARN_ENUM_CONVERSION = YES;
				CLANG_WARN_INFINITE_RECURSION = YES;
				CLANG_WARN_INT_CONVERSION = YES;
				CLANG_WARN_NON_LITERAL_NULL_CONVERSION = YES;
				CLANG_WARN_OBJC_IMPLICIT_RETAIN_SELF = YES;
				CLANG_WARN_OBJC_LITERAL_CONVERSION = YES;
				CLANG_WARN_OBJC_ROOT_CLASS = YES_ERROR;
				CLANG_WARN_QUOTED_INCLUDE_IN_FRAMEWORK_HEADER = YES;
				CLANG_WARN_RANGE_LOOP_ANALYSIS = YES;
				CLANG_WARN_STRICT_PROTOTYPES = YES;
				CLANG_WARN_SUSPICIOUS_MOVE = YES;
				CLANG_WARN_UNGUARDED_AVAILABILITY = YES_AGGRESSIVE;
				CLANG_WARN_UNREACHABLE_CODE = YES;
				CLANG_WARN__DUPLICATE_METHOD_MATCH = YES;
				COPY_PHASE_STRIP = NO;
				CURRENT_PROJECT_VERSION = 1;
				DEBUG_INFORMATION_FORMAT = "dwarf-with-dsym";
				DEVELOPMENT_TEAM = 7JM77223V5;
				ENABLE_NS_ASSERTIONS = NO;
				ENABLE_STRICT_OBJC_MSGSEND = YES;
				GCC_C_LANGUAGE_STANDARD = gnu11;
				GCC_NO_COMMON_BLOCKS = YES;
				GCC_WARN_64_TO_32_BIT_CONVERSION = YES;
				GCC_WARN_ABOUT_RETURN_TYPE = YES_ERROR;
				GCC_WARN_UNDECLARED_SELECTOR = YES;
				GCC_WARN_UNINITIALIZED_AUTOS = YES_AGGRESSIVE;
				GCC_WARN_UNUSED_FUNCTION = YES;
				GCC_WARN_UNUSED_VARIABLE = YES;
				IPHONEOS_DEPLOYMENT_TARGET = 17.0;
				MARKETING_VERSION = 1.0.0;
				MTL_ENABLE_DEBUG_INFO = NO;
				MTL_FAST_MATH = YES;
				PRODUCT_NAME = "$(TARGET_NAME)";
				SDKROOT = iphoneos;
				SWIFT_COMPILATION_MODE = wholemodule;
				SWIFT_OPTIMIZATION_LEVEL = "-O";
				SWIFT_VERSION = 5.0;
			};
			name = Release;
		};
		8A2DB686C4CE98DF49EA98FC /* Debug */ = {
			isa = XCBuildConfiguration;
			buildSettings = {
				ASSETCATALOG_COMPILER_APPICON_NAME = AppIcon;
				CODE_SIGN_IDENTITY = "iPhone Developer";
				CODE_SIGN_STYLE = Automatic;
				DEVELOPMENT_TEAM = 7JM77223V5;
				INFOPLIST_FILE = iPadServe/Resources/Info.plist;
				LD_RUNPATH_SEARCH_PATHS = (
					"$(inherited)",
					"@executable_path/Frameworks",
				);
				PRODUCT_BUNDLE_IDENTIFIER = com.engagendy.iPadServe;
				PRODUCT_NAME = "iPad Serve";
				SDKROOT = iphoneos;
				SUPPORTS_MACCATALYST = NO;
				TARGETED_DEVICE_FAMILY = 2;
			};
			name = Debug;
		};
		BDB86FB1C6DB39E8D81FE65E /* Debug */ = {
			isa = XCBuildConfiguration;
			buildSettings = {
				ALWAYS_SEARCH_USER_PATHS = NO;
				CLANG_ANALYZER_NONNULL = YES;
				CLANG_ANALYZER_NUMBER_OBJECT_CONVERSION = YES_AGGRESSIVE;
				CLANG_CXX_LANGUAGE_STANDARD = "gnu++14";
				CLANG_CXX_LIBRARY = "libc++";
				CLANG_ENABLE_MODULES = YES;
				CLANG_ENABLE_OBJC_ARC = YES;
				CLANG_ENABLE_OBJC_WEAK = YES;
				CLANG_WARN_BLOCK_CAPTURE_AUTORELEASING = YES;
				CLANG_WARN_BOOL_CONVERSION = YES;
				CLANG_WARN_COMMA = YES;
				CLANG_WARN_CONSTANT_CONVERSION = YES;
				CLANG_WARN_DEPRECATED_OBJC_IMPLEMENTATIONS = YES;
				CLANG_WARN_DIRECT_OBJC_ISA_USAGE = YES_ERROR;
				CLANG_WARN_DOCUMENTATION_COMMENTS = YES;
				CLANG_WARN_EMPTY_BODY = YES;
				CLANG_WARN_ENUM_CONVERSION = YES;
				CLANG_WARN_INFINITE_RECURSION = YES;
				CLANG_WARN_INT_CONVERSION = YES;
				CLANG_WARN_NON_LITERAL_NULL_CONVERSION = YES;
				CLANG_WARN_OBJC_IMPLICIT_RETAIN_SELF = YES;
				CLANG_WARN_OBJC_LITERAL_CONVERSION = YES;
				CLANG_WARN_OBJC_ROOT_CLASS = YES_ERROR;
				CLANG_WARN_QUOTED_INCLUDE_IN_FRAMEWORK_HEADER = YES;
				CLANG_WARN_RANGE_LOOP_ANALYSIS = YES;
				CLANG_WARN_STRICT_PROTOTYPES = YES;
				CLANG_WARN_SUSPICIOUS_MOVE = YES;
				CLANG_WARN_UNGUARDED_AVAILABILITY = YES_AGGRESSIVE;
				CLANG_WARN_UNREACHABLE_CODE = YES;
				CLANG_WARN__DUPLICATE_METHOD_MATCH = YES;
				COPY_PHASE_STRIP = NO;
				CURRENT_PROJECT_VERSION = 1;
				DEBUG_INFORMATION_FORMAT = dwarf;
				DEVELOPMENT_TEAM = 7JM77223V5;
				ENABLE_STRICT_OBJC_MSGSEND = YES;
				ENABLE_TESTABILITY = YES;
				GCC_C_LANGUAGE_STANDARD = gnu11;
				GCC_DYNAMIC_NO_PIC = NO;
				GCC_NO_COMMON_BLOCKS = YES;
				GCC_OPTIMIZATION_LEVEL = 0;
				GCC_PREPROCESSOR_DEFINITIONS = (
					"$(inherited)",
					"DEBUG=1",
				);
				GCC_WARN_64_TO_32_BIT_CONVERSION = YES;
				GCC_WARN_ABOUT_RETURN_TYPE = YES_ERROR;
				GCC_WARN_UNDECLARED_SELECTOR = YES;
				GCC_WARN_UNINITIALIZED_AUTOS = YES_AGGRESSIVE;
				GCC_WARN_UNUSED_FUNCTION = YES;
				GCC_WARN_UNUSED_VARIABLE = YES;
				IPHONEOS_DEPLOYMENT_TARGET = 17.0;
				MARKETING_VERSION = 1.0.0;
				MTL_ENABLE_DEBUG_INFO = INCLUDE_SOURCE;
				MTL_FAST_MATH = YES;
				ONLY_ACTIVE_ARCH = YES;
				PRODUCT_NAME = "$(TARGET_NAME)";
				SDKROOT = iphoneos;
				SWIFT_ACTIVE_COMPILATION_CONDITIONS = DEBUG;
				SWIFT_OPTIMIZATION_LEVEL = "-Onone";
				SWIFT_VERSION = 5.0;
			};
			name = Debug;
		};
		CC4110463D9FD6BEBB9762D2 /* Release */ = {
			isa = XCBuildConfiguration;
			buildSettings = {
				ASSETCATALOG_COMPILER_APPICON_NAME = AppIcon;
				CODE_SIGN_IDENTITY = "iPhone Developer";
				CODE_SIGN_STYLE = Automatic;
				DEVELOPMENT_TEAM = 7JM77223V5;
				INFOPLIST_FILE = iPadServe/Resources/Info.plist;
				LD_RUNPATH_SEARCH_PATHS = (
					"$(inherited)",
					"@executable_path/Frameworks",
				);
				PRODUCT_BUNDLE_IDENTIFIER = com.engagendy.iPadServe;
				PRODUCT_NAME = "iPad Serve";
				SDKROOT = iphoneos;
				SUPPORTS_MACCATALYST = NO;
				TARGETED_DEVICE_FAMILY = 2;
			};
			name = Release;
		};
/* End XCBuildConfiguration section */

/* Begin XCConfigurationList section */
		4CBA4280A9A6076E4A814EAD /* Build configuration list for PBXProject "iPadServe" */ = {
			isa = XCConfigurationList;
			buildConfigurations = (
				BDB86FB1C6DB39E8D81FE65E /* Debug */,
				6BAD0AD55773941DA13C254C /* Release */,
			);
			defaultConfigurationIsVisible = 0;
			defaultConfigurationName = Debug;
		};
		AFBF4806929E8CE3385FA337 /* Build configuration list for PBXNativeTarget "iPadServe" */ = {
			isa = XCConfigurationList;
			buildConfigurations = (
				8A2DB686C4CE98DF49EA98FC /* Debug */,
				CC4110463D9FD6BEBB9762D2 /* Release */,
			);
			defaultConfigurationIsVisible = 0;
			defaultConfigurationName = Debug;
		};
/* End XCConfigurationList section */
	};
	rootObject = 2A924D28E99F7E501D25C9FD /* Project object */;
}
